
Microsoft Visual Studio Solution File, Format Version 12.00
# Visual Studio 14
VisualStudioVersion = 14.0.23107.0
MinimumVisualStudioVersion = 10.0.40219.1
Project("{8BC9CEB8-8B4A-11D0-8D11-00A0C91BC942}") = "week3", "week3\week3.vcxproj", "{39321EC7-D600-461B-8B02-50714FCAA7BF}"
EndProject
Project("{2150E333-8FDC-42A3-9474-1A3956D46DE8}") = "Solution Items", "Solution Items", "{53F42918-3D8D-4637-BB2F-264EBBD39376}"
	ProjectSection(SolutionItems) = preProject
		.gitignore = .gitignore
	EndProjectSection
EndProject
Global
	GlobalSection(SolutionConfigurationPlatforms) = preSolution
		Debug|x64 = Debug|x64
		Debug|x86 = Debug|x86
		Release|x64 = Release|x64
		Release|x86 = Release|x86
	EndGlobalSection
	GlobalSection(ProjectConfigurationPlatforms) = postSolution
		{39321EC7-D600-461B-8B02-50714FCAA7BF}.Debug|x64.ActiveCfg = Debug|x64
		{39321EC7-D600-461B-8B02-50714FCAA7BF}.Debug|x64.Build.0 = Debug|x64
		{39321EC7-D600-461B-8B02-50714FCAA7BF}.Debug|x86.ActiveCfg = Debug|Win32
		{39321EC7-D600-461B-8B02-50714FCAA7BF}.Debug|x86.Build.0 = Debug|Win32
		{39321EC7-D600-461B-8B02-50714FCAA7BF}.Release|x64.ActiveCfg = Release|x64
		{39321EC7-D600-461B-8B02-50714FCAA7BF}.Release|x64.Build.0 = Release|x64
		{39321EC7-D600-461B-8B02-50714FCAA7BF}.Release|x86.ActiveCfg = Release|Win32
		{39321EC7-D600-461B-8B02-50714FCAA7BF}.Release|x86.Build.0 = Release|Win32
	EndGlobalSection
	GlobalSection(SolutionProperties) = preSolution
		HideSolutionNode = FALSE
	EndGlobalSection
EndGlobal
